// !$*UTF8*$!
{
	archiveVersion = 1;
	classes = {
	};
	objectVersion = 55;
	objects = {

/* Begin PBXBuildFile section */
		1F2B6CB62B22EE2A0062BEB0 /* AppDelegate.swift in Sources */ = {isa = PBXBuildFile; fileRef = 1F2B6CB52B22EE2A0062BEB0 /* AppDelegate.swift */; };
		1F2B6CB82B22EE2A0062BEB0 /* SceneDelegate.swift in Sources */ = {isa = PBXBuildFile; fileRef = 1F2B6CB72B22EE2A0062BEB0 /* SceneDelegate.swift */; };
		1F2B6CBA2B22EE2A0062BEB0 /* ViewController.swift in Sources */ = {isa = PBXBuildFile; fileRef = 1F2B6CB92B22EE2A0062BEB0 /* ViewController.swift */; };
		1F2B6CBD2B22EE2A0062BEB0 /* Main.storyboard in Resources */ = {isa = PBXBuildFile; fileRef = 1F2B6CBB2B22EE2A0062BEB0 /* Main.storyboard */; };
		1F2B6CBF2B22EE2F0062BEB0 /* Assets.xcassets in Resources */ = {isa = PBXBuildFile; fileRef = 1F2B6CBE2B22EE2F0062BEB0 /* Assets.xcassets */; };
		1F2B6CC22B22EE2F0062BEB0 /* LaunchScreen.storyboard in Resources */ = {isa = PBXBuildFile; fileRef = 1F2B6CC02B22EE2F0062BEB0 /* LaunchScreen.storyboard */; };
		1F7B5DF62B22FF610074F239 /* signIn.swift in Sources */ = {isa = PBXBuildFile; fileRef = 1F7B5DF52B22FF610074F239 /* signIn.swift */; };
		1F7B5DF82B22FF7C0074F239 /* createAccount.swift in Sources */ = {isa = PBXBuildFile; fileRef = 1F7B5DF72B22FF7C0074F239 /* createAccount.swift */; };
		E8BF3263F8DD5497AB87DA01 /* Pods_mixPanelLoginUI_0812.framework in Frameworks */ = {isa = PBXBuildFile; fileRef = 075BDFA2B75937E014B619F1 /* Pods_mixPanelLoginUI_0812.framework */; };
/* End PBXBuildFile section */

/* Begin PBXFileReference section */
		00EA36B105ADE50B80391BC0 /* Pods-mixPanelLoginUI_0812.debug.xcconfig */ = {isa = PBXFileReference; includeInIndex = 1; lastKnownFileType = text.xcconfig; name = "Pods-mixPanelLoginUI_0812.debug.xcconfig"; path = "Target Support Files/Pods-mixPanelLoginUI_0812/Pods-mixPanelLoginUI_0812.debug.xcconfig"; sourceTree = "<group>"; };
		075BDFA2B75937E014B619F1 /* Pods_mixPanelLoginUI_0812.framework */ = {isa = PBXFileReference; explicitFileType = wrapper.framework; includeInIndex = 0; path = Pods_mixPanelLoginUI_0812.framework; sourceTree = BUILT_PRODUCTS_DIR; };
		1F2B6CB22B22EE2A0062BEB0 /* mixPanelLoginUI_0812.app */ = {isa = PBXFileReference; explicitFileType = wrapper.application; includeInIndex = 0; path = mixPanelLoginUI_0812.app; sourceTree = BUILT_PRODUCTS_DIR; };
		1F2B6CB52B22EE2A0062BEB0 /* AppDelegate.swift */ = {isa = PBXFileReference; lastKnownFileType = sourcecode.swift; path = AppDelegate.swift; sourceTree = "<group>"; };
		1F2B6CB72B22EE2A0062BEB0 /* SceneDelegate.swift */ = {isa = PBXFileReference; lastKnownFileType = sourcecode.swift; path = SceneDelegate.swift; sourceTree = "<group>"; };
		1F2B6CB92B22EE2A0062BEB0 /* ViewController.swift */ = {isa = PBXFileReference; lastKnownFileType = sourcecode.swift; path = ViewController.swift; sourceTree = "<group>"; };
		1F2B6CBC2B22EE2A0062BEB0 /* Base */ = {isa = PBXFileReference; lastKnownFileType = file.storyboard; name = Base; path = Base.lproj/Main.storyboard; sourceTree = "<group>"; };
		1F2B6CBE2B22EE2F0062BEB0 /* Assets.xcassets */ = {isa = PBXFileReference; lastKnownFileType = folder.assetcatalog; path = Assets.xcassets; sourceTree = "<group>"; };
		1F2B6CC12B22EE2F0062BEB0 /* Base */ = {isa = PBXFileReference; lastKnownFileType = file.storyboard; name = Base; path = Base.lproj/LaunchScreen.storyboard; sourceTree = "<group>"; };
		1F2B6CC32B22EE2F0062BEB0 /* Info.plist */ = {isa = PBXFileReference; lastKnownFileType = text.plist.xml; path = Info.plist; sourceTree = "<group>"; };
		1F7B5DF52B22FF610074F239 /* signIn.swift */ = {isa = PBXFileReference; lastKnownFileType = sourcecode.swift; path = signIn.swift; sourceTree = "<group>"; };
		1F7B5DF72B22FF7C0074F239 /* createAccount.swift */ = {isa = PBXFileReference; lastKnownFileType = sourcecode.swift; path = createAccount.swift; sourceTree = "<group>"; };
		83E08AD88E6C1BBFD48386D4 /* Pods-mixPanelLoginUI_0812.release.xcconfig */ = {isa = PBXFileReference; includeInIndex = 1; lastKnownFileType = text.xcconfig; name = "Pods-mixPanelLoginUI_0812.release.xcconfig"; path = "Target Support Files/Pods-mixPanelLoginUI_0812/Pods-mixPanelLoginUI_0812.release.xcconfig"; sourceTree = "<group>"; };
/* End PBXFileReference section */

/* Begin PBXFrameworksBuildPhase section */
		1F2B6CAF2B22EE2A0062BEB0 /* Frameworks */ = {
			isa = PBXFrameworksBuildPhase;
			buildActionMask = 2147483647;
			files = (
				E8BF3263F8DD5497AB87DA01 /* Pods_mixPanelLoginUI_0812.framework in Frameworks */,
			);
			runOnlyForDeploymentPostprocessing = 0;
		};
/* End PBXFrameworksBuildPhase section */

/* Begin PBXGroup section */
		1F2B6CA92B22EE2A0062BEB0 = {
			isa = PBXGroup;
			children = (
				1F2B6CB42B22EE2A0062BEB0 /* mixPanelLoginUI_0812 */,
				1F2B6CB32B22EE2A0062BEB0 /* Products */,
				BD8133E33DF136FACA7C6F36 /* Pods */,
				737AEBC18BC3D39B72E853D6 /* Frameworks */,
			);
			sourceTree = "<group>";
		};
		1F2B6CB32B22EE2A0062BEB0 /* Products */ = {
			isa = PBXGroup;
			children = (
				1F2B6CB22B22EE2A0062BEB0 /* mixPanelLoginUI_0812.app */,
			);
			name = Products;
			sourceTree = "<group>";
		};
		1F2B6CB42B22EE2A0062BEB0 /* mixPanelLoginUI_0812 */ = {
			isa = PBXGroup;
			children = (
				1F2B6CB52B22EE2A0062BEB0 /* AppDelegate.swift */,
				1F2B6CB72B22EE2A0062BEB0 /* SceneDelegate.swift */,
				1F2B6CB92B22EE2A0062BEB0 /* ViewController.swift */,
				1F2B6CBB2B22EE2A0062BEB0 /* Main.storyboard */,
				1F7B5DF72B22FF7C0074F239 /* createAccount.swift */,
				1F7B5DF52B22FF610074F239 /* signIn.swift */,
				1F2B6CBE2B22EE2F0062BEB0 /* Assets.xcassets */,
				1F2B6CC02B22EE2F0062BEB0 /* LaunchScreen.storyboard */,
				1F2B6CC32B22EE2F0062BEB0 /* Info.plist */,
			);
			path = mixPanelLoginUI_0812;
			sourceTree = "<group>";
		};
		737AEBC18BC3D39B72E853D6 /* Frameworks */ = {
			isa = PBXGroup;
			children = (
				075BDFA2B75937E014B619F1 /* Pods_mixPanelLoginUI_0812.framework */,
			);
			name = Frameworks;
			sourceTree = "<group>";
		};
		BD8133E33DF136FACA7C6F36 /* Pods */ = {
			isa = PBXGroup;
			children = (
				00EA36B105ADE50B80391BC0 /* Pods-mixPanelLoginUI_0812.debug.xcconfig */,
				83E08AD88E6C1BBFD48386D4 /* Pods-mixPanelLoginUI_0812.release.xcconfig */,
			);
			path = Pods;
			sourceTree = "<group>";
		};
/* End PBXGroup section */

/* Begin PBXNativeTarget section */
		1F2B6CB12B22EE2A0062BEB0 /* mixPanelLoginUI_0812 */ = {
			isa = PBXNativeTarget;
			buildConfigurationList = 1F2B6CC62B22EE2F0062BEB0 /* Build configuration list for PBXNativeTarget "mixPanelLoginUI_0812" */;
			buildPhases = (
				86D07C40E62A6955D9D1BE7D /* [CP] Check Pods Manifest.lock */,
				1F2B6CAE2B22EE2A0062BEB0 /* Sources */,
				1F2B6CAF2B22EE2A0062BEB0 /* Frameworks */,
				1F2B6CB02B22EE2A0062BEB0 /* Resources */,
				121AEE1F93030B91FB46F509 /* [CP] Embed Pods Frameworks */,
			);
			buildRules = (
			);
			dependencies = (
			);
			name = mixPanelLoginUI_0812;
			productName = mixPanelLoginUI_0812;
			productReference = 1F2B6CB22B22EE2A0062BEB0 /* mixPanelLoginUI_0812.app */;
			productType = "com.apple.product-type.application";
		};
/* End PBXNativeTarget section */

/* Begin PBXProject section */
		1F2B6CAA2B22EE2A0062BEB0 /* Project object */ = {
			isa = PBXProject;
			attributes = {
				BuildIndependentTargetsInParallel = 1;
				LastSwiftUpdateCheck = 1300;
				LastUpgradeCheck = 1300;
				TargetAttributes = {
					1F2B6CB12B22EE2A0062BEB0 = {
						CreatedOnToolsVersion = 13.0;
					};
				};
			};
			buildConfigurationList = 1F2B6CAD2B22EE2A0062BEB0 /* Build configuration list for PBXProject "mixPanelLoginUI_0812" */;
			compatibilityVersion = "Xcode 13.0";
			developmentRegion = en;
			hasScannedForEncodings = 0;
			knownRegions = (
				en,
				Base,
			);
			mainGroup = 1F2B6CA92B22EE2A0062BEB0;
			productRefGroup = 1F2B6CB32B22EE2A0062BEB0 /* Products */;
			projectDirPath = "";
			projectRoot = "";
			targets = (
				1F2B6CB12B22EE2A0062BEB0 /* mixPanelLoginUI_0812 */,
			);
		};
/* End PBXProject section */

/* Begin PBXResourcesBuildPhase section */
		1F2B6CB02B22EE2A0062BEB0 /* Resources */ = {
			isa = PBXResourcesBuildPhase;
			buildActionMask = 2147483647;
			files = (
				1F2B6CC22B22EE2F0062BEB0 /* LaunchScreen.storyboard in Resources */,
				1F2B6CBF2B22EE2F0062BEB0 /* Assets.xcassets in Resources */,
				1F2B6CBD2B22EE2A0062BEB0 /* Main.storyboard in Resources */,
			);
			runOnlyForDeploymentPostprocessing = 0;
		};
/* End PBXResourcesBuildPhase section */

/* Begin PBXShellScriptBuildPhase section */
		121AEE1F93030B91FB46F509 /* [CP] Embed Pods Frameworks */ = {
			isa = PBXShellScriptBuildPhase;
			buildActionMask = 2147483647;
			files = (
			);
			inputFileListPaths = (
				"${PODS_ROOT}/Target Support Files/Pods-mixPanelLoginUI_0812/Pods-mixPanelLoginUI_0812-frameworks-${CONFIGURATION}-input-files.xcfilelist",
			);
			name = "[CP] Embed Pods Frameworks";
			outputFileListPaths = (
				"${PODS_ROOT}/Target Support Files/Pods-mixPanelLoginUI_0812/Pods-mixPanelLoginUI_0812-frameworks-${CONFIGURATION}-output-files.xcfilelist",
			);
			runOnlyForDeploymentPostprocessing = 0;
			shellPath = /bin/sh;
			shellScript = "\"${PODS_ROOT}/Target Support Files/Pods-mixPanelLoginUI_0812/Pods-mixPanelLoginUI_0812-frameworks.sh\"\n";
			showEnvVarsInLog = 0;
		};
		86D07C40E62A6955D9D1BE7D /* [CP] Check Pods Manifest.lock */ = {
			isa = PBXShellScriptBuildPhase;
			buildActionMask = 2147483647;
			files = (
			);
			inputFileListPaths = (
			);
			inputPaths = (
				"${PODS_PODFILE_DIR_PATH}/Podfile.lock",
				"${PODS_ROOT}/Manifest.lock",
			);
			name = "[CP] Check Pods Manifest.lock";
			outputFileListPaths = (
			);
			outputPaths = (
				"$(DERIVED_FILE_DIR)/Pods-mixPanelLoginUI_0812-checkManifestLockResult.txt",
			);
			runOnlyForDeploymentPostprocessing = 0;
			shellPath = /bin/sh;
			shellScript = "diff \"${PODS_PODFILE_DIR_PATH}/Podfile.lock\" \"${PODS_ROOT}/Manifest.lock\" > /dev/null\nif [ $? != 0 ] ; then\n    # print error to STDERR\n    echo \"error: The sandbox is not in sync with the Podfile.lock. Run 'pod install' or update your CocoaPods installation.\" >&2\n    exit 1\nfi\n# This output is used by Xcode 'outputs' to avoid re-running this script phase.\necho \"SUCCESS\" > \"${SCRIPT_OUTPUT_FILE_0}\"\n";
			showEnvVarsInLog = 0;
		};
/* End PBXShellScriptBuildPhase section */

/* Begin PBXSourcesBuildPhase section */
		1F2B6CAE2B22EE2A0062BEB0 /* Sources */ = {
			isa = PBXSourcesBuildPhase;
			buildActionMask = 2147483647;
			files = (
				1F2B6CBA2B22EE2A0062BEB0 /* ViewController.swift in Sources */,
				1F2B6CB62B22EE2A0062BEB0 /* AppDelegate.swift in Sources */,
				1F7B5DF82B22FF7C0074F239 /* createAccount.swift in Sources */,
				1F2B6CB82B22EE2A0062BEB0 /* SceneDelegate.swift in Sources */,
				1F7B5DF62B22FF610074F239 /* signIn.swift in Sources */,
			);
			runOnlyForDeploymentPostprocessing = 0;
		};
/* End PBXSourcesBuildPhase section */

/* Begin PBXVariantGroup section */
		1F2B6CBB2B22EE2A0062BEB0 /* Main.storyboard */ = {
			isa = PBXVariantGroup;
			children = (
				1F2B6CBC2B22EE2A0062BEB0 /* Base */,
			);
			name = Main.storyboard;
			sourceTree = "<group>";
		};
		1F2B6CC02B22EE2F0062BEB0 /* LaunchScreen.storyboard */ = {
			isa = PBXVariantGroup;
			children = (
				1F2B6CC12B22EE2F0062BEB0 /* Base */,
			);
			name = LaunchScreen.storyboard;
			sourceTree = "<group>";
		};
/* End PBXVariantGroup section */

/* Begin XCBuildConfiguration section */
		1F2B6CC42B22EE2F0062BEB0 /* Debug */ = {
			isa = XCBuildConfiguration;
			buildSettings = {
				ALWAYS_SEARCH_USER_PATHS = NO;
				CLANG_ANALYZER_NONNULL = YES;
				CLANG_ANALYZER_NUMBER_OBJECT_CONVERSION = YES_AGGRESSIVE;
				CLANG_CXX_LANGUAGE_STANDARD = "gnu++17";
				CLANG_CXX_LIBRARY = "libc++";
				CLANG_ENABLE_MODULES = YES;
				CLANG_ENABLE_OBJC_ARC = YES;
				CLANG_ENABLE_OBJC_WEAK = YES;
				CLANG_WARN_BLOCK_CAPTURE_AUTORELEASING = YES;
				CLANG_WARN_BOOL_CONVERSION = YES;
				CLANG_WARN_COMMA = YES;
				CLANG_WARN_CONSTANT_CONVERSION = YES;
				CLANG_WARN_DEPRECATED_OBJC_IMPLEMENTATIONS = YES;
				CLANG_WARN_DIRECT_OBJC_ISA_USAGE = YES_ERROR;
				CLANG_WARN_DOCUMENTATION_COMMENTS = YES;
				CLANG_WARN_EMPTY_BODY = YES;
				CLANG_WARN_ENUM_CONVERSION = YES;
				CLANG_WARN_INFINITE_RECURSION = YES;
				CLANG_WARN_INT_CONVERSION = YES;
				CLANG_WARN_NON_LITERAL_NULL_CONVERSION = YES;
				CLANG_WARN_OBJC_IMPLICIT_RETAIN_SELF = YES;
				CLANG_WARN_OBJC_LITERAL_CONVERSION = YES;
				CLANG_WARN_OBJC_ROOT_CLASS = YES_ERROR;
				CLANG_WARN_QUOTED_INCLUDE_IN_FRAMEWORK_HEADER = YES;
				CLANG_WARN_RANGE_LOOP_ANALYSIS = YES;
				CLANG_WARN_STRICT_PROTOTYPES = YES;
				CLANG_WARN_SUSPICIOUS_MOVE = YES;
				CLANG_WARN_UNGUARDED_AVAILABILITY = YES_AGGRESSIVE;
				CLANG_WARN_UNREACHABLE_CODE = YES;
				CLANG_WARN__DUPLICATE_METHOD_MATCH = YES;
				COPY_PHASE_STRIP = NO;
				DEBUG_INFORMATION_FORMAT = dwarf;
				ENABLE_STRICT_OBJC_MSGSEND = YES;
				ENABLE_TESTABILITY = YES;
				GCC_C_LANGUAGE_STANDARD = gnu11;
				GCC_DYNAMIC_NO_PIC = NO;
				GCC_NO_COMMON_BLOCKS = YES;
				GCC_OPTIMIZATION_LEVEL = 0;
				GCC_PREPROCESSOR_DEFINITIONS = (
					"DEBUG=1",
					"$(inherited)",
				);
				GCC_WARN_64_TO_32_BIT_CONVERSION = YES;
				GCC_WARN_ABOUT_RETURN_TYPE = YES_ERROR;
				GCC_WARN_UNDECLARED_SELECTOR = YES;
				GCC_WARN_UNINITIALIZED_AUTOS = YES_AGGRESSIVE;
				GCC_WARN_UNUSED_FUNCTION = YES;
				GCC_WARN_UNUSED_VARIABLE = YES;
				IPHONEOS_DEPLOYMENT_TARGET = 15.0;
				MTL_ENABLE_DEBUG_INFO = INCLUDE_SOURCE;
				MTL_FAST_MATH = YES;
				ONLY_ACTIVE_ARCH = YES;
				SDKROOT = iphoneos;
				SWIFT_ACTIVE_COMPILATION_CONDITIONS = DEBUG;
				SWIFT_OPTIMIZATION_LEVEL = "-Onone";
			};
			name = Debug;
		};
		1F2B6CC52B22EE2F0062BEB0 /* Release */ = {
			isa = XCBuildConfiguration;
			buildSettings = {
				ALWAYS_SEARCH_USER_PATHS = NO;
				CLANG_ANALYZER_NONNULL = YES;
				CLANG_ANALYZER_NUMBER_OBJECT_CONVERSION = YES_AGGRESSIVE;
				CLANG_CXX_LANGUAGE_STANDARD = "gnu++17";
				CLANG_CXX_LIBRARY = "libc++";
				CLANG_ENABLE_MODULES = YES;
				CLANG_ENABLE_OBJC_ARC = YES;
				CLANG_ENABLE_OBJC_WEAK = YES;
				CLANG_WARN_BLOCK_CAPTURE_AUTORELEASING = YES;
				CLANG_WARN_BOOL_CONVERSION = YES;
				CLANG_WARN_COMMA = YES;
				CLANG_WARN_CONSTANT_CONVERSION = YES;
				CLANG_WARN_DEPRECATED_OBJC_IMPLEMENTATIONS = YES;
				CLANG_WARN_DIRECT_OBJC_ISA_USAGE = YES_ERROR;
				CLANG_WARN_DOCUMENTATION_COMMENTS = YES;
				CLANG_WARN_EMPTY_BODY = YES;
				CLANG_WARN_ENUM_CONVERSION = YES;
				CLANG_WARN_INFINITE_RECURSION = YES;
				CLANG_WARN_INT_CONVERSION = YES;
				CLANG_WARN_NON_LITERAL_NULL_CONVERSION = YES;
				CLANG_WARN_OBJC_IMPLICIT_RETAIN_SELF = YES;
				CLANG_WARN_OBJC_LITERAL_CONVERSION = YES;
				CLANG_WARN_OBJC_ROOT_CLASS = YES_ERROR;
				CLANG_WARN_QUOTED_INCLUDE_IN_FRAMEWORK_HEADER = YES;
				CLANG_WARN_RANGE_LOOP_ANALYSIS = YES;
				CLANG_WARN_STRICT_PROTOTYPES = YES;
				CLANG_WARN_SUSPICIOUS_MOVE = YES;
				CLANG_WARN_UNGUARDED_AVAILABILITY = YES_AGGRESSIVE;
				CLANG_WARN_UNREACHABLE_CODE = YES;
				CLANG_WARN__DUPLICATE_METHOD_MATCH = YES;
				COPY_PHASE_STRIP = NO;
				DEBUG_INFORMATION_FORMAT = "dwarf-with-dsym";
				ENABLE_NS_ASSERTIONS = NO;
				ENABLE_STRICT_OBJC_MSGSEND = YES;
				GCC_C_LANGUAGE_STANDARD = gnu11;
				GCC_NO_COMMON_BLOCKS = YES;
				GCC_WARN_64_TO_32_BIT_CONVERSION = YES;
				GCC_WARN_ABOUT_RETURN_TYPE = YES_ERROR;
				GCC_WARN_UNDECLARED_SELECTOR = YES;
				GCC_WARN_UNINITIALIZED_AUTOS = YES_AGGRESSIVE;
				GCC_WARN_UNUSED_FUNCTION = YES;
				GCC_WARN_UNUSED_VARIABLE = YES;
				IPHONEOS_DEPLOYMENT_TARGET = 15.0;
				MTL_ENABLE_DEBUG_INFO = NO;
				MTL_FAST_MATH = YES;
				SDKROOT = iphoneos;
				SWIFT_COMPILATION_MODE = wholemodule;
				SWIFT_OPTIMIZATION_LEVEL = "-O";
				VALIDATE_PRODUCT = YES;
			};
			name = Release;
		};
		1F2B6CC72B22EE2F0062BEB0 /* Debug */ = {
			isa = XCBuildConfiguration;
			baseConfigurationReference = 00EA36B105ADE50B80391BC0 /* Pods-mixPanelLoginUI_0812.debug.xcconfig */;
			buildSettings = {
				ASSETCATALOG_COMPILER_APPICON_NAME = AppIcon;
				ASSETCATALOG_COMPILER_GLOBAL_ACCENT_COLOR_NAME = AccentColor;
				CODE_SIGN_STYLE = Automatic;
				CURRENT_PROJECT_VERSION = 1;
				GENERATE_INFOPLIST_FILE = YES;
				INFOPLIST_FILE = mixPanelLoginUI_0812/Info.plist;
				INFOPLIST_KEY_CFBundleDisplayName = LoginUI;
				INFOPLIST_KEY_UIApplicationSupportsIndirectInputEvents = YES;
				INFOPLIST_KEY_UILaunchStoryboardName = LaunchScreen;
				INFOPLIST_KEY_UIMainStoryboardFile = LaunchScreen;
				INFOPLIST_KEY_UISupportedInterfaceOrientations_iPad = "UIInterfaceOrientationPortrait UIInterfaceOrientationPortraitUpsideDown UIInterfaceOrientationLandscapeLeft UIInterfaceOrientationLandscapeRight";
				INFOPLIST_KEY_UISupportedInterfaceOrientations_iPhone = "UIInterfaceOrientationPortrait UIInterfaceOrientationLandscapeLeft UIInterfaceOrientationLandscapeRight";
				LD_RUNPATH_SEARCH_PATHS = (
					"$(inherited)",
					"@executable_path/Frameworks",
				);
				MARKETING_VERSION = 1.0;
				PRODUCT_BUNDLE_IDENTIFIER = "AF.mixPanelLoginUI-0812";
				PRODUCT_NAME = "$(TARGET_NAME)";
				SWIFT_EMIT_LOC_STRINGS = YES;
				SWIFT_VERSION = 5.0;
				TARGETED_DEVICE_FAMILY = "1,2";
			};
			name = Debug;
		};
		1F2B6CC82B22EE2F0062BEB0 /* Release */ = {
			isa = XCBuildConfiguration;
			baseConfigurationReference = 83E08AD88E6C1BBFD48386D4 /* Pods-mixPanelLoginUI_0812.release.xcconfig */;
			buildSettings = {
				ASSETCATALOG_COMPILER_APPICON_NAME = AppIcon;
				ASSETCATALOG_COMPILER_GLOBAL_ACCENT_COLOR_NAME = AccentColor;
				CODE_SIGN_STYLE = Automatic;
				CURRENT_PROJECT_VERSION = 1;
				GENERATE_INFOPLIST_FILE = YES;
				INFOPLIST_FILE = mixPanelLoginUI_0812/Info.plist;
				INFOPLIST_KEY_CFBundleDisplayName = LoginUI;
				INFOPLIST_KEY_UIApplicationSupportsIndirectInputEvents = YES;
				INFOPLIST_KEY_UILaunchStoryboardName = LaunchScreen;
				INFOPLIST_KEY_UIMainStoryboardFile = LaunchScreen;
				INFOPLIST_KEY_UISupportedInterfaceOrientations_iPad = "UIInterfaceOrientationPortrait UIInterfaceOrientationPortraitUpsideDown UIInterfaceOrientationLandscapeLeft UIInterfaceOrientationLandscapeRight";
				INFOPLIST_KEY_UISupportedInterfaceOrientations_iPhone = "UIInterfaceOrientationPortrait UIInterfaceOrientationLandscapeLeft UIInterfaceOrientationLandscapeRight";
				LD_RUNPATH_SEARCH_PATHS = (
					"$(inherited)",
					"@executable_path/Frameworks",
				);
				MARKETING_VERSION = 1.0;
				PRODUCT_BUNDLE_IDENTIFIER = "AF.mixPanelLoginUI-0812";
				PRODUCT_NAME = "$(TARGET_NAME)";
				SWIFT_EMIT_LOC_STRINGS = YES;
				SWIFT_VERSION = 5.0;
				TARGETED_DEVICE_FAMILY = "1,2";
			};
			name = Release;
		};
/* End XCBuildConfiguration section */

/* Begin XCConfigurationList section */
		1F2B6CAD2B22EE2A0062BEB0 /* Build configuration list for PBXProject "mixPanelLoginUI_0812" */ = {
			isa = XCConfigurationList;
			buildConfigurations = (
				1F2B6CC42B22EE2F0062BEB0 /* Debug */,
				1F2B6CC52B22EE2F0062BEB0 /* Release */,
			);
			defaultConfigurationIsVisible = 0;
			defaultConfigurationName = Release;
		};
		1F2B6CC62B22EE2F0062BEB0 /* Build configuration list for PBXNativeTarget "mixPanelLoginUI_0812" */ = {
			isa = XCConfigurationList;
			buildConfigurations = (
				1F2B6CC72B22EE2F0062BEB0 /* Debug */,
				1F2B6CC82B22EE2F0062BEB0 /* Release */,
			);
			defaultConfigurationIsVisible = 0;
			defaultConfigurationName = Release;
		};
/* End XCConfigurationList section */
	};
	rootObject = 1F2B6CAA2B22EE2A0062BEB0 /* Project object */;
}
